
Microsoft Visual Studio Solution File, Format Version 12.00
# Visual Studio 15
VisualStudioVersion = 15.0.28010.2016
MinimumVisualStudioVersion = 10.0.40219.1
Project("{FAE04EC0-301F-11D3-BF4B-00C04F79EFBC}") = "StdOttFrameworkLib", "StdOttFrameworkLib\StdOttFrameworkLib.csproj", "{D1334524-78A5-4D16-93BF-27A57C6DBE56}"
EndProject
Project("{9A19103F-16F7-4668-BE54-9A1E7A4F7556}") = "StdOttStandardLib", "StdOttStandardLib\StdOttStandardLib.csproj", "{91C7BEF9-EDA0-4026-B7DB-06099F797DF7}"
EndProject
Project("{FAE04EC0-301F-11D3-BF4B-00C04F79EFBC}") = "StdOttUwpLib", "StdOttUwpLib\StdOttUwpLib.csproj", "{CCF443C5-95A3-4DCD-8468-B71CE49D0206}"
EndProject
Global
	GlobalSection(SolutionConfigurationPlatforms) = preSolution
		Debug|Any CPU = Debug|Any CPU
		Debug|ARM = Debug|ARM
		Debug|x64 = Debug|x64
		Debug|x86 = Debug|x86
		Release|Any CPU = Release|Any CPU
		Release|ARM = Release|ARM
		Release|x64 = Release|x64
		Release|x86 = Release|x86
	EndGlobalSection
	GlobalSection(ProjectConfigurationPlatforms) = postSolution
		{D1334524-78A5-4D16-93BF-27A57C6DBE56}.Debug|Any CPU.ActiveCfg = Debug|Any CPU
		{D1334524-78A5-4D16-93BF-27A57C6DBE56}.Debug|Any CPU.Build.0 = Debug|Any CPU
		{D1334524-78A5-4D16-93BF-27A57C6DBE56}.Debug|ARM.ActiveCfg = Debug|Any CPU
		{D1334524-78A5-4D16-93BF-27A57C6DBE56}.Debug|ARM.Build.0 = Debug|Any CPU
		{D1334524-78A5-4D16-93BF-27A57C6DBE56}.Debug|x64.ActiveCfg = Debug|Any CPU
		{D1334524-78A5-4D16-93BF-27A57C6DBE56}.Debug|x64.Build.0 = Debug|Any CPU
		{D1334524-78A5-4D16-93BF-27A57C6DBE56}.Debug|x86.ActiveCfg = Debug|Any CPU
		{D1334524-78A5-4D16-93BF-27A57C6DBE56}.Debug|x86.Build.0 = Debug|Any CPU
		{D1334524-78A5-4D16-93BF-27A57C6DBE56}.Release|Any CPU.ActiveCfg = Release|Any CPU
		{D1334524-78A5-4D16-93BF-27A57C6DBE56}.Release|Any CPU.Build.0 = Release|Any CPU
		{D1334524-78A5-4D16-93BF-27A57C6DBE56}.Release|ARM.ActiveCfg = Release|Any CPU
		{D1334524-78A5-4D16-93BF-27A57C6DBE56}.Release|ARM.Build.0 = Release|Any CPU
		{D1334524-78A5-4D16-93BF-27A57C6DBE56}.Release|x64.ActiveCfg = Release|Any CPU
		{D1334524-78A5-4D16-93BF-27A57C6DBE56}.Release|x64.Build.0 = Release|Any CPU
		{D1334524-78A5-4D16-93BF-27A57C6DBE56}.Release|x86.ActiveCfg = Release|Any CPU
		{D1334524-78A5-4D16-93BF-27A57C6DBE56}.Release|x86.Build.0 = Release|Any CPU
		{91C7BEF9-EDA0-4026-B7DB-06099F797DF7}.Debug|Any CPU.ActiveCfg = Debug|Any CPU
		{91C7BEF9-EDA0-4026-B7DB-06099F797DF7}.Debug|Any CPU.Build.0 = Debug|Any CPU
		{91C7BEF9-EDA0-4026-B7DB-06099F797DF7}.Debug|ARM.ActiveCfg = Debug|Any CPU
		{91C7BEF9-EDA0-4026-B7DB-06099F797DF7}.Debug|ARM.Build.0 = Debug|Any CPU
		{91C7BEF9-EDA0-4026-B7DB-06099F797DF7}.Debug|x64.ActiveCfg = Debug|Any CPU
		{91C7BEF9-EDA0-4026-B7DB-06099F797DF7}.Debug|x64.Build.0 = Debug|Any CPU
		{91C7BEF9-EDA0-4026-B7DB-06099F797DF7}.Debug|x86.ActiveCfg = Debug|Any CPU
		{91C7BEF9-EDA0-4026-B7DB-06099F797DF7}.Debug|x86.Build.0 = Debug|Any CPU
		{91C7BEF9-EDA0-4026-B7DB-06099F797DF7}.Release|Any CPU.ActiveCfg = Release|Any CPU
		{91C7BEF9-EDA0-4026-B7DB-06099F797DF7}.Release|Any CPU.Build.0 = Release|Any CPU
		{91C7BEF9-EDA0-4026-B7DB-06099F797DF7}.Release|ARM.ActiveCfg = Release|Any CPU
		{91C7BEF9-EDA0-4026-B7DB-06099F797DF7}.Release|ARM.Build.0 = Release|Any CPU
		{91C7BEF9-EDA0-4026-B7DB-06099F797DF7}.Release|x64.ActiveCfg = Release|Any CPU
		{91C7BEF9-EDA0-4026-B7DB-06099F797DF7}.Release|x64.Build.0 = Release|Any CPU
		{91C7BEF9-EDA0-4026-B7DB-06099F797DF7}.Release|x86.ActiveCfg = Release|Any CPU
		{91C7BEF9-EDA0-4026-B7DB-06099F797DF7}.Release|x86.Build.0 = Release|Any CPU
		{CCF443C5-95A3-4DCD-8468-B71CE49D0206}.Debug|Any CPU.ActiveCfg = Debug|Any CPU
		{CCF443C5-95A3-4DCD-8468-B71CE49D0206}.Debug|Any CPU.Build.0 = Debug|Any CPU
		{CCF443C5-95A3-4DCD-8468-B71CE49D0206}.Debug|ARM.ActiveCfg = Debug|ARM
		{CCF443C5-95A3-4DCD-8468-B71CE49D0206}.Debug|ARM.Build.0 = Debug|ARM
		{CCF443C5-95A3-4DCD-8468-B71CE49D0206}.Debug|x64.ActiveCfg = Debug|x64
		{CCF443C5-95A3-4DCD-8468-B71CE49D0206}.Debug|x64.Build.0 = Debug|x64
		{CCF443C5-95A3-4DCD-8468-B71CE49D0206}.Debug|x86.ActiveCfg = Debug|x86
		{CCF443C5-95A3-4DCD-8468-B71CE49D0206}.Debug|x86.Build.0 = Debug|x86
		{CCF443C5-95A3-4DCD-8468-B71CE49D0206}.Release|Any CPU.ActiveCfg = Release|Any CPU
		{CCF443C5-95A3-4DCD-8468-B71CE49D0206}.Release|Any CPU.Build.0 = Release|Any CPU
		{CCF443C5-95A3-4DCD-8468-B71CE49D0206}.Release|ARM.ActiveCfg = Release|ARM
		{CCF443C5-95A3-4DCD-8468-B71CE49D0206}.Release|ARM.Build.0 = Release|ARM
		{CCF443C5-95A3-4DCD-8468-B71CE49D0206}.Release|x64.ActiveCfg = Release|x64
		{CCF443C5-95A3-4DCD-8468-B71CE49D0206}.Release|x64.Build.0 = Release|x64
		{CCF443C5-95A3-4DCD-8468-B71CE49D0206}.Release|x86.ActiveCfg = Release|x86
		{CCF443C5-95A3-4DCD-8468-B71CE49D0206}.Release|x86.Build.0 = Release|x86
	EndGlobalSection
	GlobalSection(SolutionProperties) = preSolution
		HideSolutionNode = FALSE
	EndGlobalSection
	GlobalSection(ExtensibilityGlobals) = postSolution
		SolutionGuid = {9843C684-74A6-42E0-9DAA-592295C8CEA7}
	EndGlobalSection
EndGlobal
